
Microsoft Visual Studio Solution File, Format Version 12.00
# Visual Studio Version 17
VisualStudioVersion = 17.14.36518.9 d17.14
MinimumVisualStudioVersion = 10.0.40219.1
Project("{FAE04EC0-301F-11D3-BF4B-00C04F79EFBC}") = "MADARAS_IOANA_Lab2", "MADARAS_IOANA_Lab2.csproj", "{326264E9-3D3C-43BB-B614-04032060F27C}"
EndProject
Global
	GlobalSection(SolutionConfigurationPlatforms) = preSolution
		Debug|Any CPU = Debug|Any CPU
		Release|Any CPU = Release|Any CPU
	EndGlobalSection
	GlobalSection(ProjectConfigurationPlatforms) = postSolution
		{326264E9-3D3C-43BB-B614-04032060F27C}.Debug|Any CPU.ActiveCfg = Debug|Any CPU
		{326264E9-3D3C-43BB-B614-04032060F27C}.Debug|Any CPU.Build.0 = Debug|Any CPU
		{326264E9-3D3C-43BB-B614-04032060F27C}.Release|Any CPU.ActiveCfg = Release|Any CPU
		{326264E9-3D3C-43BB-B614-04032060F27C}.Release|Any CPU.Build.0 = Release|Any CPU
	EndGlobalSection
	GlobalSection(SolutionProperties) = preSolution
		HideSolutionNode = FALSE
	EndGlobalSection
	GlobalSection(ExtensibilityGlobals) = postSolution
		SolutionGuid = {F302C650-727F-42A4-990E-EF32D4DFD78D}
	EndGlobalSection
EndGlobal
